
Microsoft Visual Studio Solution File, Format Version 12.00
# Visual Studio Version 17
VisualStudioVersion = 17.10.35013.160
MinimumVisualStudioVersion = 10.0.40219.1
Project("{FAE04EC0-301F-11D3-BF4B-00C04F79EFBC}") = "ProjetoTest", "ProjetoTest\ProjetoTest.csproj", "{36F07F56-F651-4C80-B193-908615B34328}"
EndProject
Global
	GlobalSection(SolutionConfigurationPlatforms) = preSolution
		Debug|Any CPU = Debug|Any CPU
		Release|Any CPU = Release|Any CPU
	EndGlobalSection
	GlobalSection(ProjectConfigurationPlatforms) = postSolution
		{36F07F56-F651-4C80-B193-908615B34328}.Debug|Any CPU.ActiveCfg = Debug|Any CPU
		{36F07F56-F651-4C80-B193-908615B34328}.Debug|Any CPU.Build.0 = Debug|Any CPU
		{36F07F56-F651-4C80-B193-908615B34328}.Release|Any CPU.ActiveCfg = Release|Any CPU
		{36F07F56-F651-4C80-B193-908615B34328}.Release|Any CPU.Build.0 = Release|Any CPU
	EndGlobalSection
	GlobalSection(SolutionProperties) = preSolution
		HideSolutionNode = FALSE
	EndGlobalSection
	GlobalSection(ExtensibilityGlobals) = postSolution
		SolutionGuid = {2A7763EA-B043-4F46-B0A1-560D9C6445F6}
	EndGlobalSection
EndGlobal
